// !$*UTF8*$!
{
	archiveVersion = 1;
	classes = {
	};
	objectVersion = 56;
	objects = {

/* Begin PBXBuildFile section */
		BB02E2272BF65BDF00CE3AF7 /* ViewSwiftly in Frameworks */ = {isa = PBXBuildFile; productRef = BB02E2262BF65BDF00CE3AF7 /* ViewSwiftly */; };
		BB02E2292BF65E8900CE3AF7 /* Movies.swift in Sources */ = {isa = PBXBuildFile; fileRef = BB02E2282BF65E8900CE3AF7 /* Movies.swift */; };
		BB16F0D12BEBE25800808C27 /* ViewSwiftlyExampleApp.swift in Sources */ = {isa = PBXBuildFile; fileRef = BB16F0D02BEBE25800808C27 /* ViewSwiftlyExampleApp.swift */; };
		BB16F0D32BEBE25800808C27 /* ContentView.swift in Sources */ = {isa = PBXBuildFile; fileRef = BB16F0D22BEBE25800808C27 /* ContentView.swift */; };
		BB16F0D52BEBE25900808C27 /* Assets.xcassets in Resources */ = {isa = PBXBuildFile; fileRef = BB16F0D42BEBE25900808C27 /* Assets.xcassets */; };
		BB16F0D82BEBE25900808C27 /* Preview Assets.xcassets in Resources */ = {isa = PBXBuildFile; fileRef = BB16F0D72BEBE25900808C27 /* Preview Assets.xcassets */; };
		BB16F0E02BEBE28B00808C27 /* ViewSwiftly in Frameworks */ = {isa = PBXBuildFile; productRef = BB16F0DF2BEBE28B00808C27 /* ViewSwiftly */; };
		BB8EC7702BFD70CD008A8562 /* Networking.swift in Sources */ = {isa = PBXBuildFile; fileRef = BB8EC76F2BFD70CD008A8562 /* Networking.swift */; };
/* End PBXBuildFile section */

/* Begin PBXFileReference section */
		BB02E2282BF65E8900CE3AF7 /* Movies.swift */ = {isa = PBXFileReference; lastKnownFileType = sourcecode.swift; path = Movies.swift; sourceTree = "<group>"; };
		BB16F0CD2BEBE25800808C27 /* ViewSwiftlyExample.app */ = {isa = PBXFileReference; explicitFileType = wrapper.application; includeInIndex = 0; path = ViewSwiftlyExample.app; sourceTree = BUILT_PRODUCTS_DIR; };
		BB16F0D02BEBE25800808C27 /* ViewSwiftlyExampleApp.swift */ = {isa = PBXFileReference; lastKnownFileType = sourcecode.swift; path = ViewSwiftlyExampleApp.swift; sourceTree = "<group>"; };
		BB16F0D22BEBE25800808C27 /* ContentView.swift */ = {isa = PBXFileReference; lastKnownFileType = sourcecode.swift; path = ContentView.swift; sourceTree = "<group>"; };
		BB16F0D42BEBE25900808C27 /* Assets.xcassets */ = {isa = PBXFileReference; lastKnownFileType = folder.assetcatalog; path = Assets.xcassets; sourceTree = "<group>"; };
		BB16F0D72BEBE25900808C27 /* Preview Assets.xcassets */ = {isa = PBXFileReference; lastKnownFileType = folder.assetcatalog; path = "Preview Assets.xcassets"; sourceTree = "<group>"; };
		BB8EC76F2BFD70CD008A8562 /* Networking.swift */ = {isa = PBXFileReference; lastKnownFileType = sourcecode.swift; path = Networking.swift; sourceTree = "<group>"; };
/* End PBXFileReference section */

/* Begin PBXFrameworksBuildPhase section */
		BB16F0CA2BEBE25800808C27 /* Frameworks */ = {
			isa = PBXFrameworksBuildPhase;
			buildActionMask = 2147483647;
			files = (
				BB02E2272BF65BDF00CE3AF7 /* ViewSwiftly in Frameworks */,
				BB16F0E02BEBE28B00808C27 /* ViewSwiftly in Frameworks */,
			);
			runOnlyForDeploymentPostprocessing = 0;
		};
/* End PBXFrameworksBuildPhase section */

/* Begin PBXGroup section */
		BB16F0C42BEBE25800808C27 = {
			isa = PBXGroup;
			children = (
				BB16F0CF2BEBE25800808C27 /* ViewSwiftlyExample */,
				BB16F0CE2BEBE25800808C27 /* Products */,
			);
			sourceTree = "<group>";
		};
		BB16F0CE2BEBE25800808C27 /* Products */ = {
			isa = PBXGroup;
			children = (
				BB16F0CD2BEBE25800808C27 /* ViewSwiftlyExample.app */,
			);
			name = Products;
			sourceTree = "<group>";
		};
		BB16F0CF2BEBE25800808C27 /* ViewSwiftlyExample */ = {
			isa = PBXGroup;
			children = (
				BB16F0D02BEBE25800808C27 /* ViewSwiftlyExampleApp.swift */,
				BB8EC76F2BFD70CD008A8562 /* Networking.swift */,
				BB16F0D22BEBE25800808C27 /* ContentView.swift */,
				BB02E2282BF65E8900CE3AF7 /* Movies.swift */,
				BB16F0D42BEBE25900808C27 /* Assets.xcassets */,
				BB16F0D62BEBE25900808C27 /* Preview Content */,
			);
			path = ViewSwiftlyExample;
			sourceTree = "<group>";
		};
		BB16F0D62BEBE25900808C27 /* Preview Content */ = {
			isa = PBXGroup;
			children = (
				BB16F0D72BEBE25900808C27 /* Preview Assets.xcassets */,
			);
			path = "Preview Content";
			sourceTree = "<group>";
		};
/* End PBXGroup section */

/* Begin PBXNativeTarget section */
		BB16F0CC2BEBE25800808C27 /* ViewSwiftlyExample */ = {
			isa = PBXNativeTarget;
			buildConfigurationList = BB16F0DB2BEBE25900808C27 /* Build configuration list for PBXNativeTarget "ViewSwiftlyExample" */;
			buildPhases = (
				BB16F0C92BEBE25800808C27 /* Sources */,
				BB16F0CA2BEBE25800808C27 /* Frameworks */,
				BB16F0CB2BEBE25800808C27 /* Resources */,
			);
			buildRules = (
			);
			dependencies = (
			);
			name = ViewSwiftlyExample;
			packageProductDependencies = (
				BB16F0DF2BEBE28B00808C27 /* ViewSwiftly */,
				BB02E2262BF65BDF00CE3AF7 /* ViewSwiftly */,
			);
			productName = ViewSwiftlyExample;
			productReference = BB16F0CD2BEBE25800808C27 /* ViewSwiftlyExample.app */;
			productType = "com.apple.product-type.application";
		};
/* End PBXNativeTarget section */

/* Begin PBXProject section */
		BB16F0C52BEBE25800808C27 /* Project object */ = {
			isa = PBXProject;
			attributes = {
				BuildIndependentTargetsInParallel = 1;
				LastSwiftUpdateCheck = 1530;
				LastUpgradeCheck = 1530;
				TargetAttributes = {
					BB16F0CC2BEBE25800808C27 = {
						CreatedOnToolsVersion = 15.3;
					};
				};
			};
			buildConfigurationList = BB16F0C82BEBE25800808C27 /* Build configuration list for PBXProject "ViewSwiftlyExample" */;
			compatibilityVersion = "Xcode 14.0";
			developmentRegion = en;
			hasScannedForEncodings = 0;
			knownRegions = (
				en,
				Base,
			);
			mainGroup = BB16F0C42BEBE25800808C27;
			packageReferences = (
				BB16F0DE2BEBE28B00808C27 /* XCRemoteSwiftPackageReference "NetSwiftly" */,
				BB02E2252BF65BDF00CE3AF7 /* XCRemoteSwiftPackageReference "ViewSwiftly" */,
			);
			productRefGroup = BB16F0CE2BEBE25800808C27 /* Products */;
			projectDirPath = "";
			projectRoot = "";
			targets = (
				BB16F0CC2BEBE25800808C27 /* ViewSwiftlyExample */,
			);
		};
/* End PBXProject section */

/* Begin PBXResourcesBuildPhase section */
		BB16F0CB2BEBE25800808C27 /* Resources */ = {
			isa = PBXResourcesBuildPhase;
			buildActionMask = 2147483647;
			files = (
				BB16F0D82BEBE25900808C27 /* Preview Assets.xcassets in Resources */,
				BB16F0D52BEBE25900808C27 /* Assets.xcassets in Resources */,
			);
			runOnlyForDeploymentPostprocessing = 0;
		};
/* End PBXResourcesBuildPhase section */

/* Begin PBXSourcesBuildPhase section */
		BB16F0C92BEBE25800808C27 /* Sources */ = {
			isa = PBXSourcesBuildPhase;
			buildActionMask = 2147483647;
			files = (
				BB16F0D32BEBE25800808C27 /* ContentView.swift in Sources */,
				BB16F0D12BEBE25800808C27 /* ViewSwiftlyExampleApp.swift in Sources */,
				BB02E2292BF65E8900CE3AF7 /* Movies.swift in Sources */,
				BB8EC7702BFD70CD008A8562 /* Networking.swift in Sources */,
			);
			runOnlyForDeploymentPostprocessing = 0;
		};
/* End PBXSourcesBuildPhase section */

/* Begin XCBuildConfiguration section */
		BB16F0D92BEBE25900808C27 /* Debug */ = {
			isa = XCBuildConfiguration;
			buildSettings = {
				ALWAYS_SEARCH_USER_PATHS = NO;
				ASSETCATALOG_COMPILER_GENERATE_SWIFT_ASSET_SYMBOL_EXTENSIONS = YES;
				CLANG_ANALYZER_NONNULL = YES;
				CLANG_ANALYZER_NUMBER_OBJECT_CONVERSION = YES_AGGRESSIVE;
				CLANG_CXX_LANGUAGE_STANDARD = "gnu++20";
				CLANG_ENABLE_MODULES = YES;
				CLANG_ENABLE_OBJC_ARC = YES;
				CLANG_ENABLE_OBJC_WEAK = YES;
				CLANG_WARN_BLOCK_CAPTURE_AUTORELEASING = YES;
				CLANG_WARN_BOOL_CONVERSION = YES;
				CLANG_WARN_COMMA = YES;
				CLANG_WARN_CONSTANT_CONVERSION = YES;
				CLANG_WARN_DEPRECATED_OBJC_IMPLEMENTATIONS = YES;
				CLANG_WARN_DIRECT_OBJC_ISA_USAGE = YES_ERROR;
				CLANG_WARN_DOCUMENTATION_COMMENTS = YES;
				CLANG_WARN_EMPTY_BODY = YES;
				CLANG_WARN_ENUM_CONVERSION = YES;
				CLANG_WARN_INFINITE_RECURSION = YES;
				CLANG_WARN_INT_CONVERSION = YES;
				CLANG_WARN_NON_LITERAL_NULL_CONVERSION = YES;
				CLANG_WARN_OBJC_IMPLICIT_RETAIN_SELF = YES;
				CLANG_WARN_OBJC_LITERAL_CONVERSION = YES;
				CLANG_WARN_OBJC_ROOT_CLASS = YES_ERROR;
				CLANG_WARN_QUOTED_INCLUDE_IN_FRAMEWORK_HEADER = YES;
				CLANG_WARN_RANGE_LOOP_ANALYSIS = YES;
				CLANG_WARN_STRICT_PROTOTYPES = YES;
				CLANG_WARN_SUSPICIOUS_MOVE = YES;
				CLANG_WARN_UNGUARDED_AVAILABILITY = YES_AGGRESSIVE;
				CLANG_WARN_UNREACHABLE_CODE = YES;
				CLANG_WARN__DUPLICATE_METHOD_MATCH = YES;
				COPY_PHASE_STRIP = NO;
				DEBUG_INFORMATION_FORMAT = dwarf;
				ENABLE_STRICT_OBJC_MSGSEND = YES;
				ENABLE_TESTABILITY = YES;
				ENABLE_USER_SCRIPT_SANDBOXING = YES;
				GCC_C_LANGUAGE_STANDARD = gnu17;
				GCC_DYNAMIC_NO_PIC = NO;
				GCC_NO_COMMON_BLOCKS = YES;
				GCC_OPTIMIZATION_LEVEL = 0;
				GCC_PREPROCESSOR_DEFINITIONS = (
					"DEBUG=1",
					"$(inherited)",
				);
				GCC_WARN_64_TO_32_BIT_CONVERSION = YES;
				GCC_WARN_ABOUT_RETURN_TYPE = YES_ERROR;
				GCC_WARN_UNDECLARED_SELECTOR = YES;
				GCC_WARN_UNINITIALIZED_AUTOS = YES_AGGRESSIVE;
				GCC_WARN_UNUSED_FUNCTION = YES;
				GCC_WARN_UNUSED_VARIABLE = YES;
				IPHONEOS_DEPLOYMENT_TARGET = 17.4;
				LOCALIZATION_PREFERS_STRING_CATALOGS = YES;
				MTL_ENABLE_DEBUG_INFO = INCLUDE_SOURCE;
				MTL_FAST_MATH = YES;
				ONLY_ACTIVE_ARCH = YES;
				SDKROOT = iphoneos;
				SWIFT_ACTIVE_COMPILATION_CONDITIONS = "DEBUG $(inherited)";
				SWIFT_OPTIMIZATION_LEVEL = "-Onone";
			};
			name = Debug;
		};
		BB16F0DA2BEBE25900808C27 /* Release */ = {
			isa = XCBuildConfiguration;
			buildSettings = {
				ALWAYS_SEARCH_USER_PATHS = NO;
				ASSETCATALOG_COMPILER_GENERATE_SWIFT_ASSET_SYMBOL_EXTENSIONS = YES;
				CLANG_ANALYZER_NONNULL = YES;
				CLANG_ANALYZER_NUMBER_OBJECT_CONVERSION = YES_AGGRESSIVE;
				CLANG_CXX_LANGUAGE_STANDARD = "gnu++20";
				CLANG_ENABLE_MODULES = YES;
				CLANG_ENABLE_OBJC_ARC = YES;
				CLANG_ENABLE_OBJC_WEAK = YES;
				CLANG_WARN_BLOCK_CAPTURE_AUTORELEASING = YES;
				CLANG_WARN_BOOL_CONVERSION = YES;
				CLANG_WARN_COMMA = YES;
				CLANG_WARN_CONSTANT_CONVERSION = YES;
				CLANG_WARN_DEPRECATED_OBJC_IMPLEMENTATIONS = YES;
				CLANG_WARN_DIRECT_OBJC_ISA_USAGE = YES_ERROR;
				CLANG_WARN_DOCUMENTATION_COMMENTS = YES;
				CLANG_WARN_EMPTY_BODY = YES;
				CLANG_WARN_ENUM_CONVERSION = YES;
				CLANG_WARN_INFINITE_RECURSION = YES;
				CLANG_WARN_INT_CONVERSION = YES;
				CLANG_WARN_NON_LITERAL_NULL_CONVERSION = YES;
				CLANG_WARN_OBJC_IMPLICIT_RETAIN_SELF = YES;
				CLANG_WARN_OBJC_LITERAL_CONVERSION = YES;
				CLANG_WARN_OBJC_ROOT_CLASS = YES_ERROR;
				CLANG_WARN_QUOTED_INCLUDE_IN_FRAMEWORK_HEADER = YES;
				CLANG_WARN_RANGE_LOOP_ANALYSIS = YES;
				CLANG_WARN_STRICT_PROTOTYPES = YES;
				CLANG_WARN_SUSPICIOUS_MOVE = YES;
				CLANG_WARN_UNGUARDED_AVAILABILITY = YES_AGGRESSIVE;
				CLANG_WARN_UNREACHABLE_CODE = YES;
				CLANG_WARN__DUPLICATE_METHOD_MATCH = YES;
				COPY_PHASE_STRIP = NO;
				DEBUG_INFORMATION_FORMAT = "dwarf-with-dsym";
				ENABLE_NS_ASSERTIONS = NO;
				ENABLE_STRICT_OBJC_MSGSEND = YES;
				ENABLE_USER_SCRIPT_SANDBOXING = YES;
				GCC_C_LANGUAGE_STANDARD = gnu17;
				GCC_NO_COMMON_BLOCKS = YES;
				GCC_WARN_64_TO_32_BIT_CONVERSION = YES;
				GCC_WARN_ABOUT_RETURN_TYPE = YES_ERROR;
				GCC_WARN_UNDECLARED_SELECTOR = YES;
				GCC_WARN_UNINITIALIZED_AUTOS = YES_AGGRESSIVE;
				GCC_WARN_UNUSED_FUNCTION = YES;
				GCC_WARN_UNUSED_VARIABLE = YES;
				IPHONEOS_DEPLOYMENT_TARGET = 17.4;
				LOCALIZATION_PREFERS_STRING_CATALOGS = YES;
				MTL_ENABLE_DEBUG_INFO = NO;
				MTL_FAST_MATH = YES;
				SDKROOT = iphoneos;
				SWIFT_COMPILATION_MODE = wholemodule;
				VALIDATE_PRODUCT = YES;
			};
			name = Release;
		};
		BB16F0DC2BEBE25900808C27 /* Debug */ = {
			isa = XCBuildConfiguration;
			buildSettings = {
				ASSETCATALOG_COMPILER_APPICON_NAME = AppIcon;
				ASSETCATALOG_COMPILER_GLOBAL_ACCENT_COLOR_NAME = AccentColor;
				CODE_SIGN_STYLE = Automatic;
				CURRENT_PROJECT_VERSION = 1;
				DEVELOPMENT_ASSET_PATHS = "\"ViewSwiftlyExample/Preview Content\"";
				DEVELOPMENT_TEAM = 5H83TMV82H;
				ENABLE_PREVIEWS = YES;
				GENERATE_INFOPLIST_FILE = YES;
				INFOPLIST_KEY_UIApplicationSceneManifest_Generation = YES;
				INFOPLIST_KEY_UIApplicationSupportsIndirectInputEvents = YES;
				INFOPLIST_KEY_UILaunchScreen_Generation = YES;
				INFOPLIST_KEY_UISupportedInterfaceOrientations_iPad = "UIInterfaceOrientationPortrait UIInterfaceOrientationPortraitUpsideDown UIInterfaceOrientationLandscapeLeft UIInterfaceOrientationLandscapeRight";
				INFOPLIST_KEY_UISupportedInterfaceOrientations_iPhone = "UIInterfaceOrientationPortrait UIInterfaceOrientationLandscapeLeft UIInterfaceOrientationLandscapeRight";
				LD_RUNPATH_SEARCH_PATHS = (
					"$(inherited)",
					"@executable_path/Frameworks",
				);
				MARKETING_VERSION = 1.0;
				PRODUCT_BUNDLE_IDENTIFIER = mirayang.com.ViewSwiftlyExample;
				PRODUCT_NAME = "$(TARGET_NAME)";
				SWIFT_EMIT_LOC_STRINGS = YES;
				SWIFT_VERSION = 5.0;
				TARGETED_DEVICE_FAMILY = "1,2";
			};
			name = Debug;
		};
		BB16F0DD2BEBE25900808C27 /* Release */ = {
			isa = XCBuildConfiguration;
			buildSettings = {
				ASSETCATALOG_COMPILER_APPICON_NAME = AppIcon;
				ASSETCATALOG_COMPILER_GLOBAL_ACCENT_COLOR_NAME = AccentColor;
				CODE_SIGN_STYLE = Automatic;
				CURRENT_PROJECT_VERSION = 1;
				DEVELOPMENT_ASSET_PATHS = "\"ViewSwiftlyExample/Preview Content\"";
				DEVELOPMENT_TEAM = 5H83TMV82H;
				ENABLE_PREVIEWS = YES;
				GENERATE_INFOPLIST_FILE = YES;
				INFOPLIST_KEY_UIApplicationSceneManifest_Generation = YES;
				INFOPLIST_KEY_UIApplicationSupportsIndirectInputEvents = YES;
				INFOPLIST_KEY_UILaunchScreen_Generation = YES;
				INFOPLIST_KEY_UISupportedInterfaceOrientations_iPad = "UIInterfaceOrientationPortrait UIInterfaceOrientationPortraitUpsideDown UIInterfaceOrientationLandscapeLeft UIInterfaceOrientationLandscapeRight";
				INFOPLIST_KEY_UISupportedInterfaceOrientations_iPhone = "UIInterfaceOrientationPortrait UIInterfaceOrientationLandscapeLeft UIInterfaceOrientationLandscapeRight";
				LD_RUNPATH_SEARCH_PATHS = (
					"$(inherited)",
					"@executable_path/Frameworks",
				);
				MARKETING_VERSION = 1.0;
				PRODUCT_BUNDLE_IDENTIFIER = mirayang.com.ViewSwiftlyExample;
				PRODUCT_NAME = "$(TARGET_NAME)";
				SWIFT_EMIT_LOC_STRINGS = YES;
				SWIFT_VERSION = 5.0;
				TARGETED_DEVICE_FAMILY = "1,2";
			};
			name = Release;
		};
/* End XCBuildConfiguration section */

/* Begin XCConfigurationList section */
		BB16F0C82BEBE25800808C27 /* Build configuration list for PBXProject "ViewSwiftlyExample" */ = {
			isa = XCConfigurationList;
			buildConfigurations = (
				BB16F0D92BEBE25900808C27 /* Debug */,
				BB16F0DA2BEBE25900808C27 /* Release */,
			);
			defaultConfigurationIsVisible = 0;
			defaultConfigurationName = Release;
		};
		BB16F0DB2BEBE25900808C27 /* Build configuration list for PBXNativeTarget "ViewSwiftlyExample" */ = {
			isa = XCConfigurationList;
			buildConfigurations = (
				BB16F0DC2BEBE25900808C27 /* Debug */,
				BB16F0DD2BEBE25900808C27 /* Release */,
			);
			defaultConfigurationIsVisible = 0;
			defaultConfigurationName = Release;
		};
/* End XCConfigurationList section */

/* Begin XCRemoteSwiftPackageReference section */
		BB02E2252BF65BDF00CE3AF7 /* XCRemoteSwiftPackageReference "ViewSwiftly" */ = {
			isa = XCRemoteSwiftPackageReference;
			repositoryURL = "https://github.com/miramirrormira/ViewSwiftly.git";
			requirement = {
				branch = main;
				kind = branch;
			};
		};
		BB16F0DE2BEBE28B00808C27 /* XCRemoteSwiftPackageReference "NetSwiftly" */ = {
			isa = XCRemoteSwiftPackageReference;
			repositoryURL = "https://github.com/miramirrormira/NetSwiftly.git";
			requirement = {
				branch = main;
				kind = branch;
			};
		};
/* End XCRemoteSwiftPackageReference section */

/* Begin XCSwiftPackageProductDependency section */
		BB02E2262BF65BDF00CE3AF7 /* ViewSwiftly */ = {
			isa = XCSwiftPackageProductDependency;
			package = BB02E2252BF65BDF00CE3AF7 /* XCRemoteSwiftPackageReference "ViewSwiftly" */;
			productName = ViewSwiftly;
		};
		BB16F0DF2BEBE28B00808C27 /* ViewSwiftly */ = {
			isa = XCSwiftPackageProductDependency;
			package = BB16F0DE2BEBE28B00808C27 /* XCRemoteSwiftPackageReference "NetSwiftly" */;
			productName = ViewSwiftly;
		};
/* End XCSwiftPackageProductDependency section */
	};
	rootObject = BB16F0C52BEBE25800808C27 /* Project object */;
}
