{
  "originHash" : "80eb744f6ef6838d886d9063137cfe033b89fdab4faaac2e33835990a5af14cf",
  "pins" : [
    {
      "identity" : "cacheswiftly",
      "kind" : "remoteSourceControl",
      "location" : "https://github.com/miramirrormira/CacheSwiftly",
      "state" : {
        "branch" : "main",
        "revision" : "bb9ead61dcc93ab5efe64278dfb951641b50a35b"
      }
    },
    {
      "identity" : "netswiftly",
      "kind" : "remoteSourceControl",
      "location" : "https://github.com/miramirrormira/NetSwiftly.git",
      "state" : {
        "branch" : "main",
        "revision" : "7d805c2469c4150a4480062821b24a00c8269ca9"
      }
    },
    {
      "identity" : "viewswiftly",
      "kind" : "remoteSourceControl",
      "location" : "https://github.com/miramirrormira/ViewSwiftly.git",
      "state" : {
        "branch" : "main",
        "revision" : "40ff87026ddb718eb7129cf46db3fdf49f9ad038"
      }
    }
  ],
  "version" : 3
}
