{
  "originHash" : "80eb744f6ef6838d886d9063137cfe033b89fdab4faaac2e33835990a5af14cf",
  "pins" : [
    {
      "identity" : "netswiftly",
      "kind" : "remoteSourceControl",
      "location" : "https://github.com/miramirrormira/NetSwiftly.git",
      "state" : {
        "branch" : "main",
        "revision" : "cd5d76c83e029b5c8090bf6c5354ce02c8b0d834"
      }
    },
    {
      "identity" : "viewswiftly",
      "kind" : "remoteSourceControl",
      "location" : "https://github.com/miramirrormira/ViewSwiftly.git",
      "state" : {
        "branch" : "main",
        "revision" : "b3294893ddac83fe83f815ad82af9cb8bd08d5be"
      }
    }
  ],
  "version" : 3
}
